// !$*UTF8*$!
{
	archiveVersion = 1;
	classes = {
	};
	objectVersion = 56;
	objects = {

/* Begin PBXBuildFile section */
		A19028462C20B9FD007C3644 /* AppDelegate.swift in Sources */ = {isa = PBXBuildFile; fileRef = A19028452C20B9FD007C3644 /* AppDelegate.swift */; };
		A19028482C20B9FD007C3644 /* SceneDelegate.swift in Sources */ = {isa = PBXBuildFile; fileRef = A19028472C20B9FD007C3644 /* SceneDelegate.swift */; };
		A190284A2C20B9FD007C3644 /* AWSearchVC.swift in Sources */ = {isa = PBXBuildFile; fileRef = A19028492C20B9FD007C3644 /* AWSearchVC.swift */; };
		A190284F2C20B9FF007C3644 /* Assets.xcassets in Resources */ = {isa = PBXBuildFile; fileRef = A190284E2C20B9FF007C3644 /* Assets.xcassets */; };
		A190285E2C20BFCA007C3644 /* AWTabBarController.swift in Sources */ = {isa = PBXBuildFile; fileRef = A190285D2C20BFCA007C3644 /* AWTabBarController.swift */; };
		A19028602C20C0B8007C3644 /* AWRecentsVC.swift in Sources */ = {isa = PBXBuildFile; fileRef = A190285F2C20C0B8007C3644 /* AWRecentsVC.swift */; };
		A19028642C20D2B7007C3644 /* AWTitleLabel.swift in Sources */ = {isa = PBXBuildFile; fileRef = A19028632C20D2B7007C3644 /* AWTitleLabel.swift */; };
		A19028662C20D3EB007C3644 /* AWSearchTextField.swift in Sources */ = {isa = PBXBuildFile; fileRef = A19028652C20D3EB007C3644 /* AWSearchTextField.swift */; };
		A19028682C20D4E5007C3644 /* AWButton.swift in Sources */ = {isa = PBXBuildFile; fileRef = A19028672C20D4E5007C3644 /* AWButton.swift */; };
		A190286A2C20D871007C3644 /* AWDetailsVC.swift in Sources */ = {isa = PBXBuildFile; fileRef = A19028692C20D871007C3644 /* AWDetailsVC.swift */; };
		A190286D2C20E0AA007C3644 /* NetworkManager.swift in Sources */ = {isa = PBXBuildFile; fileRef = A190286C2C20E0AA007C3644 /* NetworkManager.swift */; };
		A190286F2C20E361007C3644 /* WeatherReport.swift in Sources */ = {isa = PBXBuildFile; fileRef = A190286E2C20E361007C3644 /* WeatherReport.swift */; };
		A19028712C20E395007C3644 /* AWError.swift in Sources */ = {isa = PBXBuildFile; fileRef = A19028702C20E395007C3644 /* AWError.swift */; };
		A19028752C20F60A007C3644 /* UIViewControllers+Ext.swift in Sources */ = {isa = PBXBuildFile; fileRef = A19028742C20F60A007C3644 /* UIViewControllers+Ext.swift */; };
		A19028772C2206AC007C3644 /* AWConditionDetailView.swift in Sources */ = {isa = PBXBuildFile; fileRef = A19028762C2206AC007C3644 /* AWConditionDetailView.swift */; };
		A19028792C220EE7007C3644 /* AWConditionVC.swift in Sources */ = {isa = PBXBuildFile; fileRef = A19028782C220EE7007C3644 /* AWConditionVC.swift */; };
		A190287B2C22169F007C3644 /* AWForecastVC.swift in Sources */ = {isa = PBXBuildFile; fileRef = A190287A2C22169F007C3644 /* AWForecastVC.swift */; };
		A190287E2C2220F2007C3644 /* PersistanceManager.swift in Sources */ = {isa = PBXBuildFile; fileRef = A190287D2C2220F2007C3644 /* PersistanceManager.swift */; };
		A19028802C222985007C3644 /* RecentAirport.swift in Sources */ = {isa = PBXBuildFile; fileRef = A190287F2C222985007C3644 /* RecentAirport.swift */; };
		A19028822C222D3E007C3644 /* AWRecentCell.swift in Sources */ = {isa = PBXBuildFile; fileRef = A19028812C222D3E007C3644 /* AWRecentCell.swift */; };
		A19028842C2255BD007C3644 /* String+Ext.swift in Sources */ = {isa = PBXBuildFile; fileRef = A19028832C2255BD007C3644 /* String+Ext.swift */; };
		A190288A2C2368B0007C3644 /* AWForecastCell.swift in Sources */ = {isa = PBXBuildFile; fileRef = A19028892C2368B0007C3644 /* AWForecastCell.swift */; };
/* End PBXBuildFile section */

/* Begin PBXFileReference section */
		A19028422C20B9FD007C3644 /* AirportWeather.app */ = {isa = PBXFileReference; explicitFileType = wrapper.application; includeInIndex = 0; path = AirportWeather.app; sourceTree = BUILT_PRODUCTS_DIR; };
		A19028452C20B9FD007C3644 /* AppDelegate.swift */ = {isa = PBXFileReference; lastKnownFileType = sourcecode.swift; path = AppDelegate.swift; sourceTree = "<group>"; };
		A19028472C20B9FD007C3644 /* SceneDelegate.swift */ = {isa = PBXFileReference; lastKnownFileType = sourcecode.swift; path = SceneDelegate.swift; sourceTree = "<group>"; };
		A19028492C20B9FD007C3644 /* AWSearchVC.swift */ = {isa = PBXFileReference; lastKnownFileType = sourcecode.swift; path = AWSearchVC.swift; sourceTree = "<group>"; };
		A190284E2C20B9FF007C3644 /* Assets.xcassets */ = {isa = PBXFileReference; lastKnownFileType = folder.assetcatalog; path = Assets.xcassets; sourceTree = "<group>"; };
		A19028532C20B9FF007C3644 /* Info.plist */ = {isa = PBXFileReference; lastKnownFileType = text.plist.xml; path = Info.plist; sourceTree = "<group>"; };
		A190285D2C20BFCA007C3644 /* AWTabBarController.swift */ = {isa = PBXFileReference; lastKnownFileType = sourcecode.swift; path = AWTabBarController.swift; sourceTree = "<group>"; };
		A190285F2C20C0B8007C3644 /* AWRecentsVC.swift */ = {isa = PBXFileReference; lastKnownFileType = sourcecode.swift; path = AWRecentsVC.swift; sourceTree = "<group>"; };
		A19028632C20D2B7007C3644 /* AWTitleLabel.swift */ = {isa = PBXFileReference; lastKnownFileType = sourcecode.swift; path = AWTitleLabel.swift; sourceTree = "<group>"; };
		A19028652C20D3EB007C3644 /* AWSearchTextField.swift */ = {isa = PBXFileReference; lastKnownFileType = sourcecode.swift; path = AWSearchTextField.swift; sourceTree = "<group>"; };
		A19028672C20D4E5007C3644 /* AWButton.swift */ = {isa = PBXFileReference; lastKnownFileType = sourcecode.swift; path = AWButton.swift; sourceTree = "<group>"; };
		A19028692C20D871007C3644 /* AWDetailsVC.swift */ = {isa = PBXFileReference; lastKnownFileType = sourcecode.swift; path = AWDetailsVC.swift; sourceTree = "<group>"; };
		A190286C2C20E0AA007C3644 /* NetworkManager.swift */ = {isa = PBXFileReference; lastKnownFileType = sourcecode.swift; path = NetworkManager.swift; sourceTree = "<group>"; };
		A190286E2C20E361007C3644 /* WeatherReport.swift */ = {isa = PBXFileReference; lastKnownFileType = sourcecode.swift; path = WeatherReport.swift; sourceTree = "<group>"; };
		A19028702C20E395007C3644 /* AWError.swift */ = {isa = PBXFileReference; lastKnownFileType = sourcecode.swift; path = AWError.swift; sourceTree = "<group>"; };
		A19028742C20F60A007C3644 /* UIViewControllers+Ext.swift */ = {isa = PBXFileReference; lastKnownFileType = sourcecode.swift; path = "UIViewControllers+Ext.swift"; sourceTree = "<group>"; };
		A19028762C2206AC007C3644 /* AWConditionDetailView.swift */ = {isa = PBXFileReference; lastKnownFileType = sourcecode.swift; path = AWConditionDetailView.swift; sourceTree = "<group>"; };
		A19028782C220EE7007C3644 /* AWConditionVC.swift */ = {isa = PBXFileReference; lastKnownFileType = sourcecode.swift; path = AWConditionVC.swift; sourceTree = "<group>"; };
		A190287A2C22169F007C3644 /* AWForecastVC.swift */ = {isa = PBXFileReference; lastKnownFileType = sourcecode.swift; path = AWForecastVC.swift; sourceTree = "<group>"; };
		A190287D2C2220F2007C3644 /* PersistanceManager.swift */ = {isa = PBXFileReference; lastKnownFileType = sourcecode.swift; path = PersistanceManager.swift; sourceTree = "<group>"; };
		A190287F2C222985007C3644 /* RecentAirport.swift */ = {isa = PBXFileReference; lastKnownFileType = sourcecode.swift; path = RecentAirport.swift; sourceTree = "<group>"; };
		A19028812C222D3E007C3644 /* AWRecentCell.swift */ = {isa = PBXFileReference; lastKnownFileType = sourcecode.swift; path = AWRecentCell.swift; sourceTree = "<group>"; };
		A19028832C2255BD007C3644 /* String+Ext.swift */ = {isa = PBXFileReference; lastKnownFileType = sourcecode.swift; path = "String+Ext.swift"; sourceTree = "<group>"; };
		A19028892C2368B0007C3644 /* AWForecastCell.swift */ = {isa = PBXFileReference; lastKnownFileType = sourcecode.swift; path = AWForecastCell.swift; sourceTree = "<group>"; };
/* End PBXFileReference section */

/* Begin PBXFrameworksBuildPhase section */
		A190283F2C20B9FD007C3644 /* Frameworks */ = {
			isa = PBXFrameworksBuildPhase;
			buildActionMask = 2147483647;
			files = (
			);
			runOnlyForDeploymentPostprocessing = 0;
		};
/* End PBXFrameworksBuildPhase section */

/* Begin PBXGroup section */
		A19028392C20B9FD007C3644 = {
			isa = PBXGroup;
			children = (
				A19028442C20B9FD007C3644 /* AirportWeather */,
				A19028432C20B9FD007C3644 /* Products */,
			);
			sourceTree = "<group>";
		};
		A19028432C20B9FD007C3644 /* Products */ = {
			isa = PBXGroup;
			children = (
				A19028422C20B9FD007C3644 /* AirportWeather.app */,
			);
			name = Products;
			sourceTree = "<group>";
		};
		A19028442C20B9FD007C3644 /* AirportWeather */ = {
			isa = PBXGroup;
			children = (
				A19028612C20C767007C3644 /* Models */,
				A190286B2C20E086007C3644 /* Managers */,
				A19028622C20C77C007C3644 /* Views */,
				A190285A2C20BEF5007C3644 /* Controllers */,
				A19028722C20F57B007C3644 /* Utilities */,
				A19028732C20F5D0007C3644 /* Extensions */,
				A19028592C20BE15007C3644 /* Supporting */,
				A19028532C20B9FF007C3644 /* Info.plist */,
			);
			path = AirportWeather;
			sourceTree = "<group>";
		};
		A19028592C20BE15007C3644 /* Supporting */ = {
			isa = PBXGroup;
			children = (
				A19028452C20B9FD007C3644 /* AppDelegate.swift */,
				A19028472C20B9FD007C3644 /* SceneDelegate.swift */,
				A190284E2C20B9FF007C3644 /* Assets.xcassets */,
			);
			path = Supporting;
			sourceTree = "<group>";
		};
		A190285A2C20BEF5007C3644 /* Controllers */ = {
			isa = PBXGroup;
			children = (
				A190287C2C2216A4007C3644 /* ChildViewControllers */,
				A190285C2C20BF83007C3644 /* TabBarControllers */,
				A190285B2C20BF72007C3644 /* ViewControllers */,
			);
			path = Controllers;
			sourceTree = "<group>";
		};
		A190285B2C20BF72007C3644 /* ViewControllers */ = {
			isa = PBXGroup;
			children = (
				A19028492C20B9FD007C3644 /* AWSearchVC.swift */,
				A190285F2C20C0B8007C3644 /* AWRecentsVC.swift */,
				A19028692C20D871007C3644 /* AWDetailsVC.swift */,
			);
			path = ViewControllers;
			sourceTree = "<group>";
		};
		A190285C2C20BF83007C3644 /* TabBarControllers */ = {
			isa = PBXGroup;
			children = (
				A190285D2C20BFCA007C3644 /* AWTabBarController.swift */,
			);
			path = TabBarControllers;
			sourceTree = "<group>";
		};
		A19028612C20C767007C3644 /* Models */ = {
			isa = PBXGroup;
			children = (
				A190286E2C20E361007C3644 /* WeatherReport.swift */,
				A190287F2C222985007C3644 /* RecentAirport.swift */,
			);
			path = Models;
			sourceTree = "<group>";
		};
		A19028622C20C77C007C3644 /* Views */ = {
			isa = PBXGroup;
			children = (
				A19028632C20D2B7007C3644 /* AWTitleLabel.swift */,
				A19028652C20D3EB007C3644 /* AWSearchTextField.swift */,
				A19028672C20D4E5007C3644 /* AWButton.swift */,
				A19028762C2206AC007C3644 /* AWConditionDetailView.swift */,
				A19028812C222D3E007C3644 /* AWRecentCell.swift */,
				A19028892C2368B0007C3644 /* AWForecastCell.swift */,
			);
			path = Views;
			sourceTree = "<group>";
		};
		A190286B2C20E086007C3644 /* Managers */ = {
			isa = PBXGroup;
			children = (
				A190286C2C20E0AA007C3644 /* NetworkManager.swift */,
				A190287D2C2220F2007C3644 /* PersistanceManager.swift */,
			);
			path = Managers;
			sourceTree = "<group>";
		};
		A19028722C20F57B007C3644 /* Utilities */ = {
			isa = PBXGroup;
			children = (
				A19028702C20E395007C3644 /* AWError.swift */,
			);
			path = Utilities;
			sourceTree = "<group>";
		};
		A19028732C20F5D0007C3644 /* Extensions */ = {
			isa = PBXGroup;
			children = (
				A19028742C20F60A007C3644 /* UIViewControllers+Ext.swift */,
				A19028832C2255BD007C3644 /* String+Ext.swift */,
			);
			path = Extensions;
			sourceTree = "<group>";
		};
		A190287C2C2216A4007C3644 /* ChildViewControllers */ = {
			isa = PBXGroup;
			children = (
				A190287A2C22169F007C3644 /* AWForecastVC.swift */,
				A19028782C220EE7007C3644 /* AWConditionVC.swift */,
			);
			path = ChildViewControllers;
			sourceTree = "<group>";
		};
/* End PBXGroup section */

/* Begin PBXNativeTarget section */
		A19028412C20B9FD007C3644 /* AirportWeather */ = {
			isa = PBXNativeTarget;
			buildConfigurationList = A19028562C20B9FF007C3644 /* Build configuration list for PBXNativeTarget "AirportWeather" */;
			buildPhases = (
				A190283E2C20B9FD007C3644 /* Sources */,
				A190283F2C20B9FD007C3644 /* Frameworks */,
				A19028402C20B9FD007C3644 /* Resources */,
			);
			buildRules = (
			);
			dependencies = (
			);
			name = AirportWeather;
			productName = AirportWeather;
			productReference = A19028422C20B9FD007C3644 /* AirportWeather.app */;
			productType = "com.apple.product-type.application";
		};
/* End PBXNativeTarget section */

/* Begin PBXProject section */
		A190283A2C20B9FD007C3644 /* Project object */ = {
			isa = PBXProject;
			attributes = {
				BuildIndependentTargetsInParallel = 1;
				LastSwiftUpdateCheck = 1420;
				LastUpgradeCheck = 1420;
				TargetAttributes = {
					A19028412C20B9FD007C3644 = {
						CreatedOnToolsVersion = 14.2;
					};
				};
			};
			buildConfigurationList = A190283D2C20B9FD007C3644 /* Build configuration list for PBXProject "AirportWeather" */;
			compatibilityVersion = "Xcode 14.0";
			developmentRegion = en;
			hasScannedForEncodings = 0;
			knownRegions = (
				en,
				Base,
			);
			mainGroup = A19028392C20B9FD007C3644;
			productRefGroup = A19028432C20B9FD007C3644 /* Products */;
			projectDirPath = "";
			projectRoot = "";
			targets = (
				A19028412C20B9FD007C3644 /* AirportWeather */,
			);
		};
/* End PBXProject section */

/* Begin PBXResourcesBuildPhase section */
		A19028402C20B9FD007C3644 /* Resources */ = {
			isa = PBXResourcesBuildPhase;
			buildActionMask = 2147483647;
			files = (
				A190284F2C20B9FF007C3644 /* Assets.xcassets in Resources */,
			);
			runOnlyForDeploymentPostprocessing = 0;
		};
/* End PBXResourcesBuildPhase section */

/* Begin PBXSourcesBuildPhase section */
		A190283E2C20B9FD007C3644 /* Sources */ = {
			isa = PBXSourcesBuildPhase;
			buildActionMask = 2147483647;
			files = (
				A19028802C222985007C3644 /* RecentAirport.swift in Sources */,
				A190286A2C20D871007C3644 /* AWDetailsVC.swift in Sources */,
				A19028752C20F60A007C3644 /* UIViewControllers+Ext.swift in Sources */,
				A190284A2C20B9FD007C3644 /* AWSearchVC.swift in Sources */,
				A190287E2C2220F2007C3644 /* PersistanceManager.swift in Sources */,
				A19028822C222D3E007C3644 /* AWRecentCell.swift in Sources */,
				A19028712C20E395007C3644 /* AWError.swift in Sources */,
				A190286D2C20E0AA007C3644 /* NetworkManager.swift in Sources */,
				A190288A2C2368B0007C3644 /* AWForecastCell.swift in Sources */,
				A190287B2C22169F007C3644 /* AWForecastVC.swift in Sources */,
				A19028772C2206AC007C3644 /* AWConditionDetailView.swift in Sources */,
				A19028602C20C0B8007C3644 /* AWRecentsVC.swift in Sources */,
				A19028462C20B9FD007C3644 /* AppDelegate.swift in Sources */,
				A19028482C20B9FD007C3644 /* SceneDelegate.swift in Sources */,
				A190285E2C20BFCA007C3644 /* AWTabBarController.swift in Sources */,
				A19028682C20D4E5007C3644 /* AWButton.swift in Sources */,
				A19028662C20D3EB007C3644 /* AWSearchTextField.swift in Sources */,
				A190286F2C20E361007C3644 /* WeatherReport.swift in Sources */,
				A19028792C220EE7007C3644 /* AWConditionVC.swift in Sources */,
				A19028842C2255BD007C3644 /* String+Ext.swift in Sources */,
				A19028642C20D2B7007C3644 /* AWTitleLabel.swift in Sources */,
			);
			runOnlyForDeploymentPostprocessing = 0;
		};
/* End PBXSourcesBuildPhase section */

/* Begin XCBuildConfiguration section */
		A19028542C20B9FF007C3644 /* Debug */ = {
			isa = XCBuildConfiguration;
			buildSettings = {
				ALWAYS_SEARCH_USER_PATHS = NO;
				CLANG_ANALYZER_NONNULL = YES;
				CLANG_ANALYZER_NUMBER_OBJECT_CONVERSION = YES_AGGRESSIVE;
				CLANG_CXX_LANGUAGE_STANDARD = "gnu++20";
				CLANG_ENABLE_MODULES = YES;
				CLANG_ENABLE_OBJC_ARC = YES;
				CLANG_ENABLE_OBJC_WEAK = YES;
				CLANG_WARN_BLOCK_CAPTURE_AUTORELEASING = YES;
				CLANG_WARN_BOOL_CONVERSION = YES;
				CLANG_WARN_COMMA = YES;
				CLANG_WARN_CONSTANT_CONVERSION = YES;
				CLANG_WARN_DEPRECATED_OBJC_IMPLEMENTATIONS = YES;
				CLANG_WARN_DIRECT_OBJC_ISA_USAGE = YES_ERROR;
				CLANG_WARN_DOCUMENTATION_COMMENTS = YES;
				CLANG_WARN_EMPTY_BODY = YES;
				CLANG_WARN_ENUM_CONVERSION = YES;
				CLANG_WARN_INFINITE_RECURSION = YES;
				CLANG_WARN_INT_CONVERSION = YES;
				CLANG_WARN_NON_LITERAL_NULL_CONVERSION = YES;
				CLANG_WARN_OBJC_IMPLICIT_RETAIN_SELF = YES;
				CLANG_WARN_OBJC_LITERAL_CONVERSION = YES;
				CLANG_WARN_OBJC_ROOT_CLASS = YES_ERROR;
				CLANG_WARN_QUOTED_INCLUDE_IN_FRAMEWORK_HEADER = YES;
				CLANG_WARN_RANGE_LOOP_ANALYSIS = YES;
				CLANG_WARN_STRICT_PROTOTYPES = YES;
				CLANG_WARN_SUSPICIOUS_MOVE = YES;
				CLANG_WARN_UNGUARDED_AVAILABILITY = YES_AGGRESSIVE;
				CLANG_WARN_UNREACHABLE_CODE = YES;
				CLANG_WARN__DUPLICATE_METHOD_MATCH = YES;
				COPY_PHASE_STRIP = NO;
				DEBUG_INFORMATION_FORMAT = dwarf;
				ENABLE_STRICT_OBJC_MSGSEND = YES;
				ENABLE_TESTABILITY = YES;
				GCC_C_LANGUAGE_STANDARD = gnu11;
				GCC_DYNAMIC_NO_PIC = NO;
				GCC_NO_COMMON_BLOCKS = YES;
				GCC_OPTIMIZATION_LEVEL = 0;
				GCC_PREPROCESSOR_DEFINITIONS = (
					"DEBUG=1",
					"$(inherited)",
				);
				GCC_WARN_64_TO_32_BIT_CONVERSION = YES;
				GCC_WARN_ABOUT_RETURN_TYPE = YES_ERROR;
				GCC_WARN_UNDECLARED_SELECTOR = YES;
				GCC_WARN_UNINITIALIZED_AUTOS = YES_AGGRESSIVE;
				GCC_WARN_UNUSED_FUNCTION = YES;
				GCC_WARN_UNUSED_VARIABLE = YES;
				IPHONEOS_DEPLOYMENT_TARGET = 16.2;
				MTL_ENABLE_DEBUG_INFO = INCLUDE_SOURCE;
				MTL_FAST_MATH = YES;
				ONLY_ACTIVE_ARCH = YES;
				SDKROOT = iphoneos;
				SWIFT_ACTIVE_COMPILATION_CONDITIONS = DEBUG;
				SWIFT_OPTIMIZATION_LEVEL = "-Onone";
			};
			name = Debug;
		};
		A19028552C20B9FF007C3644 /* Release */ = {
			isa = XCBuildConfiguration;
			buildSettings = {
				ALWAYS_SEARCH_USER_PATHS = NO;
				CLANG_ANALYZER_NONNULL = YES;
				CLANG_ANALYZER_NUMBER_OBJECT_CONVERSION = YES_AGGRESSIVE;
				CLANG_CXX_LANGUAGE_STANDARD = "gnu++20";
				CLANG_ENABLE_MODULES = YES;
				CLANG_ENABLE_OBJC_ARC = YES;
				CLANG_ENABLE_OBJC_WEAK = YES;
				CLANG_WARN_BLOCK_CAPTURE_AUTORELEASING = YES;
				CLANG_WARN_BOOL_CONVERSION = YES;
				CLANG_WARN_COMMA = YES;
				CLANG_WARN_CONSTANT_CONVERSION = YES;
				CLANG_WARN_DEPRECATED_OBJC_IMPLEMENTATIONS = YES;
				CLANG_WARN_DIRECT_OBJC_ISA_USAGE = YES_ERROR;
				CLANG_WARN_DOCUMENTATION_COMMENTS = YES;
				CLANG_WARN_EMPTY_BODY = YES;
				CLANG_WARN_ENUM_CONVERSION = YES;
				CLANG_WARN_INFINITE_RECURSION = YES;
				CLANG_WARN_INT_CONVERSION = YES;
				CLANG_WARN_NON_LITERAL_NULL_CONVERSION = YES;
				CLANG_WARN_OBJC_IMPLICIT_RETAIN_SELF = YES;
				CLANG_WARN_OBJC_LITERAL_CONVERSION = YES;
				CLANG_WARN_OBJC_ROOT_CLASS = YES_ERROR;
				CLANG_WARN_QUOTED_INCLUDE_IN_FRAMEWORK_HEADER = YES;
				CLANG_WARN_RANGE_LOOP_ANALYSIS = YES;
				CLANG_WARN_STRICT_PROTOTYPES = YES;
				CLANG_WARN_SUSPICIOUS_MOVE = YES;
				CLANG_WARN_UNGUARDED_AVAILABILITY = YES_AGGRESSIVE;
				CLANG_WARN_UNREACHABLE_CODE = YES;
				CLANG_WARN__DUPLICATE_METHOD_MATCH = YES;
				COPY_PHASE_STRIP = NO;
				DEBUG_INFORMATION_FORMAT = "dwarf-with-dsym";
				ENABLE_NS_ASSERTIONS = NO;
				ENABLE_STRICT_OBJC_MSGSEND = YES;
				GCC_C_LANGUAGE_STANDARD = gnu11;
				GCC_NO_COMMON_BLOCKS = YES;
				GCC_WARN_64_TO_32_BIT_CONVERSION = YES;
				GCC_WARN_ABOUT_RETURN_TYPE = YES_ERROR;
				GCC_WARN_UNDECLARED_SELECTOR = YES;
				GCC_WARN_UNINITIALIZED_AUTOS = YES_AGGRESSIVE;
				GCC_WARN_UNUSED_FUNCTION = YES;
				GCC_WARN_UNUSED_VARIABLE = YES;
				IPHONEOS_DEPLOYMENT_TARGET = 16.2;
				MTL_ENABLE_DEBUG_INFO = NO;
				MTL_FAST_MATH = YES;
				SDKROOT = iphoneos;
				SWIFT_COMPILATION_MODE = wholemodule;
				SWIFT_OPTIMIZATION_LEVEL = "-O";
				VALIDATE_PRODUCT = YES;
			};
			name = Release;
		};
		A19028572C20B9FF007C3644 /* Debug */ = {
			isa = XCBuildConfiguration;
			buildSettings = {
				ASSETCATALOG_COMPILER_APPICON_NAME = AppIcon;
				ASSETCATALOG_COMPILER_GLOBAL_ACCENT_COLOR_NAME = AccentColor;
				CODE_SIGN_STYLE = Automatic;
				CURRENT_PROJECT_VERSION = 1;
				GENERATE_INFOPLIST_FILE = YES;
				INFOPLIST_FILE = AirportWeather/Info.plist;
				INFOPLIST_KEY_UIApplicationSupportsIndirectInputEvents = YES;
				INFOPLIST_KEY_UILaunchStoryboardName = LaunchScreen;
				INFOPLIST_KEY_UISupportedInterfaceOrientations_iPad = "UIInterfaceOrientationPortrait UIInterfaceOrientationPortraitUpsideDown UIInterfaceOrientationLandscapeLeft UIInterfaceOrientationLandscapeRight";
				INFOPLIST_KEY_UISupportedInterfaceOrientations_iPhone = "UIInterfaceOrientationPortrait UIInterfaceOrientationLandscapeLeft UIInterfaceOrientationLandscapeRight";
				LD_RUNPATH_SEARCH_PATHS = (
					"$(inherited)",
					"@executable_path/Frameworks",
				);
				MARKETING_VERSION = 1.0;
				PRODUCT_BUNDLE_IDENTIFIER = com.JakeLoranger.AirportWeather;
				PRODUCT_NAME = "$(TARGET_NAME)";
				SWIFT_EMIT_LOC_STRINGS = YES;
				SWIFT_VERSION = 5.0;
				TARGETED_DEVICE_FAMILY = "1,2";
			};
			name = Debug;
		};
		A19028582C20B9FF007C3644 /* Release */ = {
			isa = XCBuildConfiguration;
			buildSettings = {
				ASSETCATALOG_COMPILER_APPICON_NAME = AppIcon;
				ASSETCATALOG_COMPILER_GLOBAL_ACCENT_COLOR_NAME = AccentColor;
				CODE_SIGN_STYLE = Automatic;
				CURRENT_PROJECT_VERSION = 1;
				GENERATE_INFOPLIST_FILE = YES;
				INFOPLIST_FILE = AirportWeather/Info.plist;
				INFOPLIST_KEY_UIApplicationSupportsIndirectInputEvents = YES;
				INFOPLIST_KEY_UILaunchStoryboardName = LaunchScreen;
				INFOPLIST_KEY_UISupportedInterfaceOrientations_iPad = "UIInterfaceOrientationPortrait UIInterfaceOrientationPortraitUpsideDown UIInterfaceOrientationLandscapeLeft UIInterfaceOrientationLandscapeRight";
				INFOPLIST_KEY_UISupportedInterfaceOrientations_iPhone = "UIInterfaceOrientationPortrait UIInterfaceOrientationLandscapeLeft UIInterfaceOrientationLandscapeRight";
				LD_RUNPATH_SEARCH_PATHS = (
					"$(inherited)",
					"@executable_path/Frameworks",
				);
				MARKETING_VERSION = 1.0;
				PRODUCT_BUNDLE_IDENTIFIER = com.JakeLoranger.AirportWeather;
				PRODUCT_NAME = "$(TARGET_NAME)";
				SWIFT_EMIT_LOC_STRINGS = YES;
				SWIFT_VERSION = 5.0;
				TARGETED_DEVICE_FAMILY = "1,2";
			};
			name = Release;
		};
/* End XCBuildConfiguration section */

/* Begin XCConfigurationList section */
		A190283D2C20B9FD007C3644 /* Build configuration list for PBXProject "AirportWeather" */ = {
			isa = XCConfigurationList;
			buildConfigurations = (
				A19028542C20B9FF007C3644 /* Debug */,
				A19028552C20B9FF007C3644 /* Release */,
			);
			defaultConfigurationIsVisible = 0;
			defaultConfigurationName = Release;
		};
		A19028562C20B9FF007C3644 /* Build configuration list for PBXNativeTarget "AirportWeather" */ = {
			isa = XCConfigurationList;
			buildConfigurations = (
				A19028572C20B9FF007C3644 /* Debug */,
				A19028582C20B9FF007C3644 /* Release */,
			);
			defaultConfigurationIsVisible = 0;
			defaultConfigurationName = Release;
		};
/* End XCConfigurationList section */
	};
	rootObject = A190283A2C20B9FD007C3644 /* Project object */;
}
